
Microsoft Visual Studio Solution File, Format Version 12.00
# Visual Studio 14
VisualStudioVersion = 14.0.25123.0
MinimumVisualStudioVersion = 10.0.40219.1
Project("{FAE04EC0-301F-11D3-BF4B-00C04F79EFBC}") = "DiskMonitor", "DiskMonitor\DiskMonitor.csproj", "{6F68B6B0-319C-40C6-9950-9A3EAFBAF04F}"
EndProject
Project("{FAE04EC0-301F-11D3-BF4B-00C04F79EFBC}") = "CommonLib", "CommonLib\CommonLib.csproj", "{26895A02-4B7C-4307-8545-035BC5C040D3}"
EndProject
Project("{FAE04EC0-301F-11D3-BF4B-00C04F79EFBC}") = "Spider", "Spider\Spider.csproj", "{62C5F4B2-CCEF-4D10-A3CF-F1797F1502AF}"
EndProject
Project("{FAE04EC0-301F-11D3-BF4B-00C04F79EFBC}") = "Downloader", "Downloader\Downloader.csproj", "{9E615016-2CAD-4BD6-B2F0-3B356CC4BB79}"
EndProject
Global
	GlobalSection(SolutionConfigurationPlatforms) = preSolution
		Debug|Any CPU = Debug|Any CPU
		Release|Any CPU = Release|Any CPU
	EndGlobalSection
	GlobalSection(ProjectConfigurationPlatforms) = postSolution
		{6F68B6B0-319C-40C6-9950-9A3EAFBAF04F}.Debug|Any CPU.ActiveCfg = Debug|Any CPU
		{6F68B6B0-319C-40C6-9950-9A3EAFBAF04F}.Debug|Any CPU.Build.0 = Debug|Any CPU
		{6F68B6B0-319C-40C6-9950-9A3EAFBAF04F}.Release|Any CPU.ActiveCfg = Release|Any CPU
		{6F68B6B0-319C-40C6-9950-9A3EAFBAF04F}.Release|Any CPU.Build.0 = Release|Any CPU
		{26895A02-4B7C-4307-8545-035BC5C040D3}.Debug|Any CPU.ActiveCfg = Debug|Any CPU
		{26895A02-4B7C-4307-8545-035BC5C040D3}.Debug|Any CPU.Build.0 = Debug|Any CPU
		{26895A02-4B7C-4307-8545-035BC5C040D3}.Release|Any CPU.ActiveCfg = Release|Any CPU
		{26895A02-4B7C-4307-8545-035BC5C040D3}.Release|Any CPU.Build.0 = Release|Any CPU
		{62C5F4B2-CCEF-4D10-A3CF-F1797F1502AF}.Debug|Any CPU.ActiveCfg = Debug|Any CPU
		{62C5F4B2-CCEF-4D10-A3CF-F1797F1502AF}.Debug|Any CPU.Build.0 = Debug|Any CPU
		{62C5F4B2-CCEF-4D10-A3CF-F1797F1502AF}.Release|Any CPU.ActiveCfg = Release|Any CPU
		{62C5F4B2-CCEF-4D10-A3CF-F1797F1502AF}.Release|Any CPU.Build.0 = Release|Any CPU
		{9E615016-2CAD-4BD6-B2F0-3B356CC4BB79}.Debug|Any CPU.ActiveCfg = Debug|Any CPU
		{9E615016-2CAD-4BD6-B2F0-3B356CC4BB79}.Debug|Any CPU.Build.0 = Debug|Any CPU
		{9E615016-2CAD-4BD6-B2F0-3B356CC4BB79}.Release|Any CPU.ActiveCfg = Release|Any CPU
		{9E615016-2CAD-4BD6-B2F0-3B356CC4BB79}.Release|Any CPU.Build.0 = Release|Any CPU
	EndGlobalSection
	GlobalSection(SolutionProperties) = preSolution
		HideSolutionNode = FALSE
	EndGlobalSection
EndGlobal
